
Microsoft Visual Studio Solution File, Format Version 9.00
# Visual Studio 2005
Project("{8BC9CEB8-8B4A-11D0-8D11-00A0C91BC942}") = "RenderCSMMFC", "RenderCSMMFC\RenderCSMMFC.vcproj", "{F737B08A-D6B1-4A32-964A-71E8700D26BD}"
EndProject
Project("{2150E333-8FDC-42A3-9474-1A3956D46DE8}") = "Solution Items", "Solution Items", "{54557E2D-6E98-496E-A7E9-3E726D28B7E8}"
	ProjectSection(SolutionItems) = preProject
		RenderCSMMFC.vsd = RenderCSMMFC.vsd
	EndProjectSection
EndProject
Global
	GlobalSection(SolutionConfigurationPlatforms) = preSolution
		Debug|Win32 = Debug|Win32
		Release|Win32 = Release|Win32
	EndGlobalSection
	GlobalSection(ProjectConfigurationPlatforms) = postSolution
		{F737B08A-D6B1-4A32-964A-71E8700D26BD}.Debug|Win32.ActiveCfg = Debug|Win32
		{F737B08A-D6B1-4A32-964A-71E8700D26BD}.Debug|Win32.Build.0 = Debug|Win32
		{F737B08A-D6B1-4A32-964A-71E8700D26BD}.Release|Win32.ActiveCfg = Release|Win32
		{F737B08A-D6B1-4A32-964A-71E8700D26BD}.Release|Win32.Build.0 = Release|Win32
	EndGlobalSection
	GlobalSection(SolutionProperties) = preSolution
		HideSolutionNode = FALSE
	EndGlobalSection
EndGlobal
